// !$*UTF8*$!
{
	archiveVersion = 1;
	classes = {
	};
	objectVersion = 51;
	objects = {

/* Begin PBXBuildFile section */
		1317D318243F9BDA00053187 /* AppDelegate.swift in Sources */ = {isa = PBXBuildFile; fileRef = 1317D317243F9BDA00053187 /* AppDelegate.swift */; };
		1317D31C243F9BDA00053187 /* ViewController.swift in Sources */ = {isa = PBXBuildFile; fileRef = 1317D31B243F9BDA00053187 /* ViewController.swift */; };
		1317D321243F9BE400053187 /* Assets.xcassets in Resources */ = {isa = PBXBuildFile; fileRef = 1317D320243F9BE400053187 /* Assets.xcassets */; };
		1317D324243F9BE400053187 /* LaunchScreen.storyboard in Resources */ = {isa = PBXBuildFile; fileRef = 1317D322243F9BE400053187 /* LaunchScreen.storyboard */; };
		1317D32F243FA06300053187 /* Welcome.storyboard in Resources */ = {isa = PBXBuildFile; fileRef = 1317D32E243FA06300053187 /* Welcome.storyboard */; };
		1317D331243FA8A600053187 /* WelcomeVC.swift in Sources */ = {isa = PBXBuildFile; fileRef = 1317D330243FA8A600053187 /* WelcomeVC.swift */; };
		1317D333243FA8B600053187 /* LoginVC.swift in Sources */ = {isa = PBXBuildFile; fileRef = 1317D332243FA8B600053187 /* LoginVC.swift */; };
		1317D335243FA8CC00053187 /* RegisterVC.swift in Sources */ = {isa = PBXBuildFile; fileRef = 1317D334243FA8CC00053187 /* RegisterVC.swift */; };
		1317D339243FB61600053187 /* Home.storyboard in Resources */ = {isa = PBXBuildFile; fileRef = 1317D338243FB61600053187 /* Home.storyboard */; };
		1317D33B243FB64000053187 /* HomeVC.swift in Sources */ = {isa = PBXBuildFile; fileRef = 1317D33A243FB64000053187 /* HomeVC.swift */; };
		1317D33E243FB71C00053187 /* AppConstans.swift in Sources */ = {isa = PBXBuildFile; fileRef = 1317D33D243FB71C00053187 /* AppConstans.swift */; };
		1317D344244014A700053187 /* Routes.swift in Sources */ = {isa = PBXBuildFile; fileRef = 1317D343244014A700053187 /* Routes.swift */; };
		1317D34A2440152C00053187 /* LoginRequest.swift in Sources */ = {isa = PBXBuildFile; fileRef = 1317D3492440152C00053187 /* LoginRequest.swift */; };
		1317D34C2440158A00053187 /* User.swift in Sources */ = {isa = PBXBuildFile; fileRef = 1317D34B2440158A00053187 /* User.swift */; };
		1317D34E2440162C00053187 /* RegisterRequest.swift in Sources */ = {isa = PBXBuildFile; fileRef = 1317D34D2440162C00053187 /* RegisterRequest.swift */; };
		1317D3502440174C00053187 /* LoginRegisterResponse.swift in Sources */ = {isa = PBXBuildFile; fileRef = 1317D34F2440174C00053187 /* LoginRegisterResponse.swift */; };
		1317D3532440183B00053187 /* Location.swift in Sources */ = {isa = PBXBuildFile; fileRef = 1317D3522440183B00053187 /* Location.swift */; };
		1317D3552440187500053187 /* Tweet.swift in Sources */ = {isa = PBXBuildFile; fileRef = 1317D3542440187500053187 /* Tweet.swift */; };
		1317D35724401D8E00053187 /* TweetRequest.swift in Sources */ = {isa = PBXBuildFile; fileRef = 1317D35624401D8E00053187 /* TweetRequest.swift */; };
		1317D3592440203500053187 /* GeneralResponse.swift in Sources */ = {isa = PBXBuildFile; fileRef = 1317D3582440203500053187 /* GeneralResponse.swift */; };
		1317D35C2440236E00053187 /* ErrorResponse.swift in Sources */ = {isa = PBXBuildFile; fileRef = 1317D35B2440236E00053187 /* ErrorResponse.swift */; };
		1317D36324414E1B00053187 /* TweetTVCell.swift in Sources */ = {isa = PBXBuildFile; fileRef = 1317D36124414E1B00053187 /* TweetTVCell.swift */; };
		1317D36424414E1B00053187 /* TweetTVCell.xib in Resources */ = {isa = PBXBuildFile; fileRef = 1317D36224414E1B00053187 /* TweetTVCell.xib */; };
		1317D36624416B5100053187 /* NewTweetVC.swift in Sources */ = {isa = PBXBuildFile; fileRef = 1317D36524416B5100053187 /* NewTweetVC.swift */; };
		13E1515C244263200079BF31 /* GoogleService-Info.plist in Resources */ = {isa = PBXBuildFile; fileRef = 13E1515B244263200079BF31 /* GoogleService-Info.plist */; };
		E2E52A6A126D813C85BA5906 /* libPods-tweets-app.a in Frameworks */ = {isa = PBXBuildFile; fileRef = AC83964609990830D7D749A9 /* libPods-tweets-app.a */; };
/* End PBXBuildFile section */

/* Begin PBXFileReference section */
		1317D314243F9BD900053187 /* tweets-app.app */ = {isa = PBXFileReference; explicitFileType = wrapper.application; includeInIndex = 0; path = "tweets-app.app"; sourceTree = BUILT_PRODUCTS_DIR; };
		1317D317243F9BDA00053187 /* AppDelegate.swift */ = {isa = PBXFileReference; lastKnownFileType = sourcecode.swift; path = AppDelegate.swift; sourceTree = "<group>"; };
		1317D31B243F9BDA00053187 /* ViewController.swift */ = {isa = PBXFileReference; lastKnownFileType = sourcecode.swift; path = ViewController.swift; sourceTree = "<group>"; };
		1317D320243F9BE400053187 /* Assets.xcassets */ = {isa = PBXFileReference; lastKnownFileType = folder.assetcatalog; path = Assets.xcassets; sourceTree = "<group>"; };
		1317D323243F9BE400053187 /* Base */ = {isa = PBXFileReference; lastKnownFileType = file.storyboard; name = Base; path = Base.lproj/LaunchScreen.storyboard; sourceTree = "<group>"; };
		1317D325243F9BE400053187 /* Info.plist */ = {isa = PBXFileReference; lastKnownFileType = text.plist.xml; path = Info.plist; sourceTree = "<group>"; };
		1317D32E243FA06300053187 /* Welcome.storyboard */ = {isa = PBXFileReference; lastKnownFileType = file.storyboard; path = Welcome.storyboard; sourceTree = "<group>"; };
		1317D330243FA8A600053187 /* WelcomeVC.swift */ = {isa = PBXFileReference; lastKnownFileType = sourcecode.swift; path = WelcomeVC.swift; sourceTree = "<group>"; };
		1317D332243FA8B600053187 /* LoginVC.swift */ = {isa = PBXFileReference; lastKnownFileType = sourcecode.swift; path = LoginVC.swift; sourceTree = "<group>"; };
		1317D334243FA8CC00053187 /* RegisterVC.swift */ = {isa = PBXFileReference; lastKnownFileType = sourcecode.swift; path = RegisterVC.swift; sourceTree = "<group>"; };
		1317D338243FB61600053187 /* Home.storyboard */ = {isa = PBXFileReference; lastKnownFileType = file.storyboard; path = Home.storyboard; sourceTree = "<group>"; };
		1317D33A243FB64000053187 /* HomeVC.swift */ = {isa = PBXFileReference; lastKnownFileType = sourcecode.swift; path = HomeVC.swift; sourceTree = "<group>"; };
		1317D33D243FB71C00053187 /* AppConstans.swift */ = {isa = PBXFileReference; lastKnownFileType = sourcecode.swift; path = AppConstans.swift; sourceTree = "<group>"; };
		1317D343244014A700053187 /* Routes.swift */ = {isa = PBXFileReference; lastKnownFileType = sourcecode.swift; path = Routes.swift; sourceTree = "<group>"; };
		1317D3492440152C00053187 /* LoginRequest.swift */ = {isa = PBXFileReference; lastKnownFileType = sourcecode.swift; path = LoginRequest.swift; sourceTree = "<group>"; };
		1317D34B2440158A00053187 /* User.swift */ = {isa = PBXFileReference; lastKnownFileType = sourcecode.swift; path = User.swift; sourceTree = "<group>"; };
		1317D34D2440162C00053187 /* RegisterRequest.swift */ = {isa = PBXFileReference; lastKnownFileType = sourcecode.swift; path = RegisterRequest.swift; sourceTree = "<group>"; };
		1317D34F2440174C00053187 /* LoginRegisterResponse.swift */ = {isa = PBXFileReference; fileEncoding = 4; lastKnownFileType = sourcecode.swift; path = LoginRegisterResponse.swift; sourceTree = "<group>"; };
		1317D3522440183B00053187 /* Location.swift */ = {isa = PBXFileReference; lastKnownFileType = sourcecode.swift; path = Location.swift; sourceTree = "<group>"; };
		1317D3542440187500053187 /* Tweet.swift */ = {isa = PBXFileReference; lastKnownFileType = sourcecode.swift; path = Tweet.swift; sourceTree = "<group>"; };
		1317D35624401D8E00053187 /* TweetRequest.swift */ = {isa = PBXFileReference; lastKnownFileType = sourcecode.swift; path = TweetRequest.swift; sourceTree = "<group>"; };
		1317D3582440203500053187 /* GeneralResponse.swift */ = {isa = PBXFileReference; lastKnownFileType = sourcecode.swift; path = GeneralResponse.swift; sourceTree = "<group>"; };
		1317D35B2440236E00053187 /* ErrorResponse.swift */ = {isa = PBXFileReference; lastKnownFileType = sourcecode.swift; path = ErrorResponse.swift; sourceTree = "<group>"; };
		1317D36124414E1B00053187 /* TweetTVCell.swift */ = {isa = PBXFileReference; lastKnownFileType = sourcecode.swift; path = TweetTVCell.swift; sourceTree = "<group>"; };
		1317D36224414E1B00053187 /* TweetTVCell.xib */ = {isa = PBXFileReference; lastKnownFileType = file.xib; path = TweetTVCell.xib; sourceTree = "<group>"; };
		1317D36524416B5100053187 /* NewTweetVC.swift */ = {isa = PBXFileReference; lastKnownFileType = sourcecode.swift; path = NewTweetVC.swift; sourceTree = "<group>"; };
		13E1515B244263200079BF31 /* GoogleService-Info.plist */ = {isa = PBXFileReference; fileEncoding = 4; lastKnownFileType = text.plist.xml; path = "GoogleService-Info.plist"; sourceTree = "<group>"; };
		7438756C7871CD19BEC2E167 /* Pods-tweets-app.debug.xcconfig */ = {isa = PBXFileReference; includeInIndex = 1; lastKnownFileType = text.xcconfig; name = "Pods-tweets-app.debug.xcconfig"; path = "Target Support Files/Pods-tweets-app/Pods-tweets-app.debug.xcconfig"; sourceTree = "<group>"; };
		AC83964609990830D7D749A9 /* libPods-tweets-app.a */ = {isa = PBXFileReference; explicitFileType = archive.ar; includeInIndex = 0; path = "libPods-tweets-app.a"; sourceTree = BUILT_PRODUCTS_DIR; };
		B1A005FC458F71CC949E0037 /* Pods-tweets-app.release.xcconfig */ = {isa = PBXFileReference; includeInIndex = 1; lastKnownFileType = text.xcconfig; name = "Pods-tweets-app.release.xcconfig"; path = "Target Support Files/Pods-tweets-app/Pods-tweets-app.release.xcconfig"; sourceTree = "<group>"; };
/* End PBXFileReference section */

/* Begin PBXFrameworksBuildPhase section */
		1317D311243F9BD900053187 /* Frameworks */ = {
			isa = PBXFrameworksBuildPhase;
			buildActionMask = 2147483647;
			files = (
				E2E52A6A126D813C85BA5906 /* libPods-tweets-app.a in Frameworks */,
			);
			runOnlyForDeploymentPostprocessing = 0;
		};
/* End PBXFrameworksBuildPhase section */

/* Begin PBXGroup section */
		1317D30B243F9BD900053187 = {
			isa = PBXGroup;
			children = (
				1317D316243F9BD900053187 /* tweets-app */,
				1317D315243F9BD900053187 /* Products */,
				E372374C77D27B5B0B60B444 /* Pods */,
				9668B946EB2A978D11D912DA /* Frameworks */,
			);
			sourceTree = "<group>";
		};
		1317D315243F9BD900053187 /* Products */ = {
			isa = PBXGroup;
			children = (
				1317D314243F9BD900053187 /* tweets-app.app */,
			);
			name = Products;
			sourceTree = "<group>";
		};
		1317D316243F9BD900053187 /* tweets-app */ = {
			isa = PBXGroup;
			children = (
				13E1515B244263200079BF31 /* GoogleService-Info.plist */,
				1317D3402440147A00053187 /* Data */,
				1317D33C243FB70200053187 /* Utils */,
				1317D32C243FA00800053187 /* Commons */,
				1317D32B243FA00400053187 /* Modules */,
				1317D325243F9BE400053187 /* Info.plist */,
			);
			path = "tweets-app";
			sourceTree = "<group>";
		};
		1317D32B243FA00400053187 /* Modules */ = {
			isa = PBXGroup;
			children = (
				1317D337243FB5FF00053187 /* Home */,
				1317D32D243FA04E00053187 /* Welcome */,
			);
			path = Modules;
			sourceTree = "<group>";
		};
		1317D32C243FA00800053187 /* Commons */ = {
			isa = PBXGroup;
			children = (
				1317D317243F9BDA00053187 /* AppDelegate.swift */,
				1317D31B243F9BDA00053187 /* ViewController.swift */,
				1317D320243F9BE400053187 /* Assets.xcassets */,
				1317D322243F9BE400053187 /* LaunchScreen.storyboard */,
			);
			path = Commons;
			sourceTree = "<group>";
		};
		1317D32D243FA04E00053187 /* Welcome */ = {
			isa = PBXGroup;
			children = (
				1317D32E243FA06300053187 /* Welcome.storyboard */,
				1317D330243FA8A600053187 /* WelcomeVC.swift */,
				1317D332243FA8B600053187 /* LoginVC.swift */,
				1317D334243FA8CC00053187 /* RegisterVC.swift */,
			);
			path = Welcome;
			sourceTree = "<group>";
		};
		1317D337243FB5FF00053187 /* Home */ = {
			isa = PBXGroup;
			children = (
				1317D36024414DFC00053187 /* Cell */,
				1317D338243FB61600053187 /* Home.storyboard */,
				1317D33A243FB64000053187 /* HomeVC.swift */,
				1317D36524416B5100053187 /* NewTweetVC.swift */,
			);
			path = Home;
			sourceTree = "<group>";
		};
		1317D33C243FB70200053187 /* Utils */ = {
			isa = PBXGroup;
			children = (
				1317D33D243FB71C00053187 /* AppConstans.swift */,
			);
			path = Utils;
			sourceTree = "<group>";
		};
		1317D3402440147A00053187 /* Data */ = {
			isa = PBXGroup;
			children = (
				1317D3422440148400053187 /* API */,
				1317D3412440147E00053187 /* Models */,
			);
			path = Data;
			sourceTree = "<group>";
		};
		1317D3412440147E00053187 /* Models */ = {
			isa = PBXGroup;
			children = (
				1317D34F2440174C00053187 /* LoginRegisterResponse.swift */,
				1317D3492440152C00053187 /* LoginRequest.swift */,
				1317D34B2440158A00053187 /* User.swift */,
				1317D34D2440162C00053187 /* RegisterRequest.swift */,
				1317D3522440183B00053187 /* Location.swift */,
				1317D3542440187500053187 /* Tweet.swift */,
				1317D35624401D8E00053187 /* TweetRequest.swift */,
				1317D3582440203500053187 /* GeneralResponse.swift */,
				1317D35B2440236E00053187 /* ErrorResponse.swift */,
			);
			path = Models;
			sourceTree = "<group>";
		};
		1317D3422440148400053187 /* API */ = {
			isa = PBXGroup;
			children = (
				1317D343244014A700053187 /* Routes.swift */,
			);
			path = API;
			sourceTree = "<group>";
		};
		1317D36024414DFC00053187 /* Cell */ = {
			isa = PBXGroup;
			children = (
				1317D36124414E1B00053187 /* TweetTVCell.swift */,
				1317D36224414E1B00053187 /* TweetTVCell.xib */,
			);
			path = Cell;
			sourceTree = "<group>";
		};
		9668B946EB2A978D11D912DA /* Frameworks */ = {
			isa = PBXGroup;
			children = (
				AC83964609990830D7D749A9 /* libPods-tweets-app.a */,
			);
			name = Frameworks;
			sourceTree = "<group>";
		};
		E372374C77D27B5B0B60B444 /* Pods */ = {
			isa = PBXGroup;
			children = (
				7438756C7871CD19BEC2E167 /* Pods-tweets-app.debug.xcconfig */,
				B1A005FC458F71CC949E0037 /* Pods-tweets-app.release.xcconfig */,
			);
			path = Pods;
			sourceTree = "<group>";
		};
/* End PBXGroup section */

/* Begin PBXNativeTarget section */
		1317D313243F9BD900053187 /* tweets-app */ = {
			isa = PBXNativeTarget;
			buildConfigurationList = 1317D328243F9BE400053187 /* Build configuration list for PBXNativeTarget "tweets-app" */;
			buildPhases = (
				A5488E6315CA0065C0A32037 /* [CP] Check Pods Manifest.lock */,
				1317D310243F9BD900053187 /* Sources */,
				1317D311243F9BD900053187 /* Frameworks */,
				1317D312243F9BD900053187 /* Resources */,
				4D335A856C42434C4C8183A3 /* [CP] Copy Pods Resources */,
			);
			buildRules = (
			);
			dependencies = (
			);
			name = "tweets-app";
			productName = "tweets-app";
			productReference = 1317D314243F9BD900053187 /* tweets-app.app */;
			productType = "com.apple.product-type.application";
		};
/* End PBXNativeTarget section */

/* Begin PBXProject section */
		1317D30C243F9BD900053187 /* Project object */ = {
			isa = PBXProject;
			attributes = {
				LastSwiftUpdateCheck = 1130;
				LastUpgradeCheck = 1130;
				ORGANIZATIONNAME = "Misael Rivera";
				TargetAttributes = {
					1317D313243F9BD900053187 = {
						CreatedOnToolsVersion = 11.3.1;
					};
				};
			};
			buildConfigurationList = 1317D30F243F9BD900053187 /* Build configuration list for PBXProject "tweets-app" */;
			compatibilityVersion = "Xcode 9.3";
			developmentRegion = en;
			hasScannedForEncodings = 0;
			knownRegions = (
				en,
				Base,
			);
			mainGroup = 1317D30B243F9BD900053187;
			productRefGroup = 1317D315243F9BD900053187 /* Products */;
			projectDirPath = "";
			projectRoot = "";
			targets = (
				1317D313243F9BD900053187 /* tweets-app */,
			);
		};
/* End PBXProject section */

/* Begin PBXResourcesBuildPhase section */
		1317D312243F9BD900053187 /* Resources */ = {
			isa = PBXResourcesBuildPhase;
			buildActionMask = 2147483647;
			files = (
				1317D36424414E1B00053187 /* TweetTVCell.xib in Resources */,
				1317D324243F9BE400053187 /* LaunchScreen.storyboard in Resources */,
				1317D321243F9BE400053187 /* Assets.xcassets in Resources */,
				1317D32F243FA06300053187 /* Welcome.storyboard in Resources */,
				1317D339243FB61600053187 /* Home.storyboard in Resources */,
				13E1515C244263200079BF31 /* GoogleService-Info.plist in Resources */,
			);
			runOnlyForDeploymentPostprocessing = 0;
		};
/* End PBXResourcesBuildPhase section */

/* Begin PBXShellScriptBuildPhase section */
		4D335A856C42434C4C8183A3 /* [CP] Copy Pods Resources */ = {
			isa = PBXShellScriptBuildPhase;
			buildActionMask = 2147483647;
			files = (
			);
			inputFileListPaths = (
				"${PODS_ROOT}/Target Support Files/Pods-tweets-app/Pods-tweets-app-resources-${CONFIGURATION}-input-files.xcfilelist",
			);
			name = "[CP] Copy Pods Resources";
			outputFileListPaths = (
				"${PODS_ROOT}/Target Support Files/Pods-tweets-app/Pods-tweets-app-resources-${CONFIGURATION}-output-files.xcfilelist",
			);
			runOnlyForDeploymentPostprocessing = 0;
			shellPath = /bin/sh;
			shellScript = "\"${PODS_ROOT}/Target Support Files/Pods-tweets-app/Pods-tweets-app-resources.sh\"\n";
			showEnvVarsInLog = 0;
		};
		A5488E6315CA0065C0A32037 /* [CP] Check Pods Manifest.lock */ = {
			isa = PBXShellScriptBuildPhase;
			buildActionMask = 2147483647;
			files = (
			);
			inputFileListPaths = (
			);
			inputPaths = (
				"${PODS_PODFILE_DIR_PATH}/Podfile.lock",
				"${PODS_ROOT}/Manifest.lock",
			);
			name = "[CP] Check Pods Manifest.lock";
			outputFileListPaths = (
			);
			outputPaths = (
				"$(DERIVED_FILE_DIR)/Pods-tweets-app-checkManifestLockResult.txt",
			);
			runOnlyForDeploymentPostprocessing = 0;
			shellPath = /bin/sh;
			shellScript = "diff \"${PODS_PODFILE_DIR_PATH}/Podfile.lock\" \"${PODS_ROOT}/Manifest.lock\" > /dev/null\nif [ $? != 0 ] ; then\n    # print error to STDERR\n    echo \"error: The sandbox is not in sync with the Podfile.lock. Run 'pod install' or update your CocoaPods installation.\" >&2\n    exit 1\nfi\n# This output is used by Xcode 'outputs' to avoid re-running this script phase.\necho \"SUCCESS\" > \"${SCRIPT_OUTPUT_FILE_0}\"\n";
			showEnvVarsInLog = 0;
		};
/* End PBXShellScriptBuildPhase section */

/* Begin PBXSourcesBuildPhase section */
		1317D310243F9BD900053187 /* Sources */ = {
			isa = PBXSourcesBuildPhase;
			buildActionMask = 2147483647;
			files = (
				1317D33E243FB71C00053187 /* AppConstans.swift in Sources */,
				1317D3592440203500053187 /* GeneralResponse.swift in Sources */,
				1317D344244014A700053187 /* Routes.swift in Sources */,
				1317D34E2440162C00053187 /* RegisterRequest.swift in Sources */,
				1317D3552440187500053187 /* Tweet.swift in Sources */,
				1317D331243FA8A600053187 /* WelcomeVC.swift in Sources */,
				1317D34A2440152C00053187 /* LoginRequest.swift in Sources */,
				1317D36324414E1B00053187 /* TweetTVCell.swift in Sources */,
				1317D35C2440236E00053187 /* ErrorResponse.swift in Sources */,
				1317D3502440174C00053187 /* LoginRegisterResponse.swift in Sources */,
				1317D3532440183B00053187 /* Location.swift in Sources */,
				1317D31C243F9BDA00053187 /* ViewController.swift in Sources */,
				1317D35724401D8E00053187 /* TweetRequest.swift in Sources */,
				1317D333243FA8B600053187 /* LoginVC.swift in Sources */,
				1317D33B243FB64000053187 /* HomeVC.swift in Sources */,
				1317D36624416B5100053187 /* NewTweetVC.swift in Sources */,
				1317D318243F9BDA00053187 /* AppDelegate.swift in Sources */,
				1317D335243FA8CC00053187 /* RegisterVC.swift in Sources */,
				1317D34C2440158A00053187 /* User.swift in Sources */,
			);
			runOnlyForDeploymentPostprocessing = 0;
		};
/* End PBXSourcesBuildPhase section */

/* Begin PBXVariantGroup section */
		1317D322243F9BE400053187 /* LaunchScreen.storyboard */ = {
			isa = PBXVariantGroup;
			children = (
				1317D323243F9BE400053187 /* Base */,
			);
			name = LaunchScreen.storyboard;
			sourceTree = "<group>";
		};
/* End PBXVariantGroup section */

/* Begin XCBuildConfiguration section */
		1317D326243F9BE400053187 /* Debug */ = {
			isa = XCBuildConfiguration;
			buildSettings = {
				ALWAYS_SEARCH_USER_PATHS = NO;
				CLANG_ANALYZER_NONNULL = YES;
				CLANG_ANALYZER_NUMBER_OBJECT_CONVERSION = YES_AGGRESSIVE;
				CLANG_CXX_LANGUAGE_STANDARD = "gnu++14";
				CLANG_CXX_LIBRARY = "libc++";
				CLANG_ENABLE_MODULES = YES;
				CLANG_ENABLE_OBJC_ARC = YES;
				CLANG_ENABLE_OBJC_WEAK = YES;
				CLANG_WARN_BLOCK_CAPTURE_AUTORELEASING = YES;
				CLANG_WARN_BOOL_CONVERSION = YES;
				CLANG_WARN_COMMA = YES;
				CLANG_WARN_CONSTANT_CONVERSION = YES;
				CLANG_WARN_DEPRECATED_OBJC_IMPLEMENTATIONS = YES;
				CLANG_WARN_DIRECT_OBJC_ISA_USAGE = YES_ERROR;
				CLANG_WARN_DOCUMENTATION_COMMENTS = YES;
				CLANG_WARN_EMPTY_BODY = YES;
				CLANG_WARN_ENUM_CONVERSION = YES;
				CLANG_WARN_INFINITE_RECURSION = YES;
				CLANG_WARN_INT_CONVERSION = YES;
				CLANG_WARN_NON_LITERAL_NULL_CONVERSION = YES;
				CLANG_WARN_OBJC_IMPLICIT_RETAIN_SELF = YES;
				CLANG_WARN_OBJC_LITERAL_CONVERSION = YES;
				CLANG_WARN_OBJC_ROOT_CLASS = YES_ERROR;
				CLANG_WARN_RANGE_LOOP_ANALYSIS = YES;
				CLANG_WARN_STRICT_PROTOTYPES = YES;
				CLANG_WARN_SUSPICIOUS_MOVE = YES;
				CLANG_WARN_UNGUARDED_AVAILABILITY = YES_AGGRESSIVE;
				CLANG_WARN_UNREACHABLE_CODE = YES;
				CLANG_WARN__DUPLICATE_METHOD_MATCH = YES;
				COPY_PHASE_STRIP = NO;
				DEBUG_INFORMATION_FORMAT = dwarf;
				ENABLE_STRICT_OBJC_MSGSEND = YES;
				ENABLE_TESTABILITY = YES;
				GCC_C_LANGUAGE_STANDARD = gnu11;
				GCC_DYNAMIC_NO_PIC = NO;
				GCC_NO_COMMON_BLOCKS = YES;
				GCC_OPTIMIZATION_LEVEL = 0;
				GCC_PREPROCESSOR_DEFINITIONS = (
					"DEBUG=1",
					"$(inherited)",
				);
				GCC_WARN_64_TO_32_BIT_CONVERSION = YES;
				GCC_WARN_ABOUT_RETURN_TYPE = YES_ERROR;
				GCC_WARN_UNDECLARED_SELECTOR = YES;
				GCC_WARN_UNINITIALIZED_AUTOS = YES_AGGRESSIVE;
				GCC_WARN_UNUSED_FUNCTION = YES;
				GCC_WARN_UNUSED_VARIABLE = YES;
				IPHONEOS_DEPLOYMENT_TARGET = 13.2;
				MTL_ENABLE_DEBUG_INFO = INCLUDE_SOURCE;
				MTL_FAST_MATH = YES;
				ONLY_ACTIVE_ARCH = YES;
				SDKROOT = iphoneos;
				SWIFT_ACTIVE_COMPILATION_CONDITIONS = DEBUG;
				SWIFT_OPTIMIZATION_LEVEL = "-Onone";
			};
			name = Debug;
		};
		1317D327243F9BE400053187 /* Release */ = {
			isa = XCBuildConfiguration;
			buildSettings = {
				ALWAYS_SEARCH_USER_PATHS = NO;
				CLANG_ANALYZER_NONNULL = YES;
				CLANG_ANALYZER_NUMBER_OBJECT_CONVERSION = YES_AGGRESSIVE;
				CLANG_CXX_LANGUAGE_STANDARD = "gnu++14";
				CLANG_CXX_LIBRARY = "libc++";
				CLANG_ENABLE_MODULES = YES;
				CLANG_ENABLE_OBJC_ARC = YES;
				CLANG_ENABLE_OBJC_WEAK = YES;
				CLANG_WARN_BLOCK_CAPTURE_AUTORELEASING = YES;
				CLANG_WARN_BOOL_CONVERSION = YES;
				CLANG_WARN_COMMA = YES;
				CLANG_WARN_CONSTANT_CONVERSION = YES;
				CLANG_WARN_DEPRECATED_OBJC_IMPLEMENTATIONS = YES;
				CLANG_WARN_DIRECT_OBJC_ISA_USAGE = YES_ERROR;
				CLANG_WARN_DOCUMENTATION_COMMENTS = YES;
				CLANG_WARN_EMPTY_BODY = YES;
				CLANG_WARN_ENUM_CONVERSION = YES;
				CLANG_WARN_INFINITE_RECURSION = YES;
				CLANG_WARN_INT_CONVERSION = YES;
				CLANG_WARN_NON_LITERAL_NULL_CONVERSION = YES;
				CLANG_WARN_OBJC_IMPLICIT_RETAIN_SELF = YES;
				CLANG_WARN_OBJC_LITERAL_CONVERSION = YES;
				CLANG_WARN_OBJC_ROOT_CLASS = YES_ERROR;
				CLANG_WARN_RANGE_LOOP_ANALYSIS = YES;
				CLANG_WARN_STRICT_PROTOTYPES = YES;
				CLANG_WARN_SUSPICIOUS_MOVE = YES;
				CLANG_WARN_UNGUARDED_AVAILABILITY = YES_AGGRESSIVE;
				CLANG_WARN_UNREACHABLE_CODE = YES;
				CLANG_WARN__DUPLICATE_METHOD_MATCH = YES;
				COPY_PHASE_STRIP = NO;
				DEBUG_INFORMATION_FORMAT = "dwarf-with-dsym";
				ENABLE_NS_ASSERTIONS = NO;
				ENABLE_STRICT_OBJC_MSGSEND = YES;
				GCC_C_LANGUAGE_STANDARD = gnu11;
				GCC_NO_COMMON_BLOCKS = YES;
				GCC_WARN_64_TO_32_BIT_CONVERSION = YES;
				GCC_WARN_ABOUT_RETURN_TYPE = YES_ERROR;
				GCC_WARN_UNDECLARED_SELECTOR = YES;
				GCC_WARN_UNINITIALIZED_AUTOS = YES_AGGRESSIVE;
				GCC_WARN_UNUSED_FUNCTION = YES;
				GCC_WARN_UNUSED_VARIABLE = YES;
				IPHONEOS_DEPLOYMENT_TARGET = 13.2;
				MTL_ENABLE_DEBUG_INFO = NO;
				MTL_FAST_MATH = YES;
				SDKROOT = iphoneos;
				SWIFT_COMPILATION_MODE = wholemodule;
				SWIFT_OPTIMIZATION_LEVEL = "-O";
				VALIDATE_PRODUCT = YES;
			};
			name = Release;
		};
		1317D329243F9BE400053187 /* Debug */ = {
			isa = XCBuildConfiguration;
			baseConfigurationReference = 7438756C7871CD19BEC2E167 /* Pods-tweets-app.debug.xcconfig */;
			buildSettings = {
				ASSETCATALOG_COMPILER_APPICON_NAME = AppIcon;
				CODE_SIGN_STYLE = Automatic;
				DEVELOPMENT_TEAM = 8C443F3NXQ;
				INFOPLIST_FILE = "tweets-app/Info.plist";
				IPHONEOS_DEPLOYMENT_TARGET = 10.3;
				LD_RUNPATH_SEARCH_PATHS = (
					"$(inherited)",
					"@executable_path/Frameworks",
				);
				PRODUCT_BUNDLE_IDENTIFIER = "ms.jmrb.tweets-app";
				PRODUCT_NAME = "$(TARGET_NAME)";
				SWIFT_VERSION = 5.0;
				TARGETED_DEVICE_FAMILY = 1;
			};
			name = Debug;
		};
		1317D32A243F9BE400053187 /* Release */ = {
			isa = XCBuildConfiguration;
			baseConfigurationReference = B1A005FC458F71CC949E0037 /* Pods-tweets-app.release.xcconfig */;
			buildSettings = {
				ASSETCATALOG_COMPILER_APPICON_NAME = AppIcon;
				CODE_SIGN_STYLE = Automatic;
				DEVELOPMENT_TEAM = 8C443F3NXQ;
				INFOPLIST_FILE = "tweets-app/Info.plist";
				IPHONEOS_DEPLOYMENT_TARGET = 10.3;
				LD_RUNPATH_SEARCH_PATHS = (
					"$(inherited)",
					"@executable_path/Frameworks",
				);
				PRODUCT_BUNDLE_IDENTIFIER = "ms.jmrb.tweets-app";
				PRODUCT_NAME = "$(TARGET_NAME)";
				SWIFT_VERSION = 5.0;
				TARGETED_DEVICE_FAMILY = 1;
			};
			name = Release;
		};
/* End XCBuildConfiguration section */

/* Begin XCConfigurationList section */
		1317D30F243F9BD900053187 /* Build configuration list for PBXProject "tweets-app" */ = {
			isa = XCConfigurationList;
			buildConfigurations = (
				1317D326243F9BE400053187 /* Debug */,
				1317D327243F9BE400053187 /* Release */,
			);
			defaultConfigurationIsVisible = 0;
			defaultConfigurationName = Release;
		};
		1317D328243F9BE400053187 /* Build configuration list for PBXNativeTarget "tweets-app" */ = {
			isa = XCConfigurationList;
			buildConfigurations = (
				1317D329243F9BE400053187 /* Debug */,
				1317D32A243F9BE400053187 /* Release */,
			);
			defaultConfigurationIsVisible = 0;
			defaultConfigurationName = Release;
		};
/* End XCConfigurationList section */
	};
	rootObject = 1317D30C243F9BD900053187 /* Project object */;
}
